
Microsoft Visual Studio Solution File, Format Version 12.00
# Visual Studio 15
VisualStudioVersion = 15.0.26730.3
MinimumVisualStudioVersion = 10.0.40219.1
Project("{FAE04EC0-301F-11D3-BF4B-00C04F79EFBC}") = "TetrisProject", "TetrisProject\TetrisProject.csproj", "{EDA318FC-348D-4A7B-901D-950B32FD4762}"
EndProject
Global
	GlobalSection(SolutionConfigurationPlatforms) = preSolution
		Debug|Any CPU = Debug|Any CPU
		Release|Any CPU = Release|Any CPU
	EndGlobalSection
	GlobalSection(ProjectConfigurationPlatforms) = postSolution
		{EDA318FC-348D-4A7B-901D-950B32FD4762}.Debug|Any CPU.ActiveCfg = Debug|Any CPU
		{EDA318FC-348D-4A7B-901D-950B32FD4762}.Debug|Any CPU.Build.0 = Debug|Any CPU
		{EDA318FC-348D-4A7B-901D-950B32FD4762}.Release|Any CPU.ActiveCfg = Release|Any CPU
		{EDA318FC-348D-4A7B-901D-950B32FD4762}.Release|Any CPU.Build.0 = Release|Any CPU
	EndGlobalSection
	GlobalSection(SolutionProperties) = preSolution
		HideSolutionNode = FALSE
	EndGlobalSection
	GlobalSection(ExtensibilityGlobals) = postSolution
		SolutionGuid = {876B04EA-5343-4735-949E-ACE6C6866795}
	EndGlobalSection
EndGlobal
